{
  "lockfile_version": "1",
  "packages": {
    "gradle@latest": {
      "last_modified": "2024-11-16T04:25:12Z",
      "plugin_version": "0.0.1",
      "resolved": "github:NixOS/nixpkgs/34a626458d686f1b58139620a8b2793e9e123bba#gradle",
      "source": "devbox-search",
      "version": "8.10.2",
      "systems": {
        "aarch64-darwin": {
          "outputs": [
            {
              "name": "out",
              "path": "/nix/store/39z5fqj28d8y138zidlpp57cz5r12f8a-gradle-8.10.2",
              "default": true
            }
          ],
          "store_path": "/nix/store/39z5fqj28d8y138zidlpp57cz5r12f8a-gradle-8.10.2"
        },
        "aarch64-linux": {
          "outputs": [
            {
              "name": "out",
              "path": "/nix/store/rj71hzlmgfy6fllv3k0mvsccy9m1gdvl-gradle-8.10.2",
              "default": true
            }
          ],
          "store_path": "/nix/store/rj71hzlmgfy6fllv3k0mvsccy9m1gdvl-gradle-8.10.2"
        },
        "x86_64-darwin": {
          "outputs": [
            {
              "name": "out",
              "path": "/nix/store/f028d3aws1mcmrbk7qjw0ycgcyl3y3qm-gradle-8.10.2",
              "default": true
            }
          ],
          "store_path": "/nix/store/f028d3aws1mcmrbk7qjw0ycgcyl3y3qm-gradle-8.10.2"
        },
        "x86_64-linux": {
          "outputs": [
            {
              "name": "out",
              "path": "/nix/store/0ak8ca2wrsciqjra0pff9bvx9hpsgg6v-gradle-8.10.2",
              "default": true
            }
          ],
          "store_path": "/nix/store/0ak8ca2wrsciqjra0pff9bvx9hpsgg6v-gradle-8.10.2"
        }
      }
    },
    "kotlin@2.0.0": {
      "last_modified": "2024-11-28T07:51:56Z",
      "resolved": "github:NixOS/nixpkgs/226216574ada4c3ecefcbbec41f39ce4655f78ef#kotlin",
      "source": "devbox-search",
      "version": "2.0.0",
      "systems": {
        "aarch64-darwin": {
          "outputs": [
            {
              "name": "out",
              "path": "/nix/store/8dnzjlkn15n465b50xfazc9dj02ad4jy-kotlin-2.0.0",
              "default": true
            }
          ],
          "store_path": "/nix/store/8dnzjlkn15n465b50xfazc9dj02ad4jy-kotlin-2.0.0"
        },
        "aarch64-linux": {
          "outputs": [
            {
              "name": "out",
              "path": "/nix/store/03iwrbdlhnjs2n6rmsisbhvjm18j9as4-kotlin-2.0.0",
              "default": true
            }
          ],
          "store_path": "/nix/store/03iwrbdlhnjs2n6rmsisbhvjm18j9as4-kotlin-2.0.0"
        },
        "x86_64-darwin": {
          "outputs": [
            {
              "name": "out",
              "path": "/nix/store/0gj7ak3p9nw492vd5lhx7b2sapsim4a0-kotlin-2.0.0",
              "default": true
            }
          ],
          "store_path": "/nix/store/0gj7ak3p9nw492vd5lhx7b2sapsim4a0-kotlin-2.0.0"
        },
        "x86_64-linux": {
          "outputs": [
            {
              "name": "out",
              "path": "/nix/store/mwcczdwqlxai4k7nmcf8j3x7195yc44w-kotlin-2.0.0",
              "default": true
            }
          ],
          "store_path": "/nix/store/mwcczdwqlxai4k7nmcf8j3x7195yc44w-kotlin-2.0.0"
        }
      }
    },
    "ruby@latest": {
      "last_modified": "2024-11-28T07:51:56Z",
      "plugin_version": "0.0.2",
      "resolved": "github:NixOS/nixpkgs/226216574ada4c3ecefcbbec41f39ce4655f78ef#ruby",
      "source": "devbox-search",
      "version": "3.3.5",
      "systems": {
        "aarch64-darwin": {
          "outputs": [
            {
              "name": "out",
              "path": "/nix/store/ybxkp0lgcahf92x6s66gyrwng2dznlzm-ruby-3.3.5",
              "default": true
            },
            {
              "name": "devdoc",
              "path": "/nix/store/6dxnmf82c100pvigkh33hivgjx0mc0ba-ruby-3.3.5-devdoc"
            }
          ],
          "store_path": "/nix/store/ybxkp0lgcahf92x6s66gyrwng2dznlzm-ruby-3.3.5"
        },
        "aarch64-linux": {
          "outputs": [
            {
              "name": "out",
              "path": "/nix/store/mzji9hr394jfyk7pddhnhbkikiygzq8j-ruby-3.3.5",
              "default": true
            },
            {
              "name": "devdoc",
              "path": "/nix/store/c8sdf8vrgxk48s19m64356crkxghbwzi-ruby-3.3.5-devdoc"
            }
          ],
          "store_path": "/nix/store/mzji9hr394jfyk7pddhnhbkikiygzq8j-ruby-3.3.5"
        },
        "x86_64-darwin": {
          "outputs": [
            {
              "name": "out",
              "path": "/nix/store/gnhw9pk0kzw42bpgxca2w2mc0jdm2n32-ruby-3.3.5",
              "default": true
            },
            {
              "name": "devdoc",
              "path": "/nix/store/593r91ig5yjkvzah4bkrhi0ig1fhgy00-ruby-3.3.5-devdoc"
            }
          ],
          "store_path": "/nix/store/gnhw9pk0kzw42bpgxca2w2mc0jdm2n32-ruby-3.3.5"
        },
        "x86_64-linux": {
          "outputs": [
            {
              "name": "out",
              "path": "/nix/store/vpaj7w9aif0gbfs2bfpvav8a2026wkam-ruby-3.3.5",
              "default": true
            },
            {
              "name": "devdoc",
              "path": "/nix/store/l3lif51vx5z12v48c821djd2793chd6q-ruby-3.3.5-devdoc"
            }
          ],
          "store_path": "/nix/store/vpaj7w9aif0gbfs2bfpvav8a2026wkam-ruby-3.3.5"
        }
      }
    },
    "sqlite@latest": {
      "last_modified": "2024-12-09T13:13:08Z",
      "resolved": "github:NixOS/nixpkgs/bc27f0fde01ce4e1bfec1ab122d72b7380278e68#sqlite",
      "source": "devbox-search",
      "version": "3.46.1",
      "systems": {
        "aarch64-darwin": {
          "outputs": [
            {
              "name": "bin",
              "path": "/nix/store/8slnr8hkdm42310cypdnwkgm0r32skim-sqlite-3.46.1-bin",
              "default": true
            },
            {
              "name": "man",
              "path": "/nix/store/fckh785jsqjvw04i5b824yyw81pap0sg-sqlite-3.46.1-man",
              "default": true
            },
            {
              "name": "dev",
              "path": "/nix/store/hsfqm1ibyp16n6bwxfjpbrqn8nmw4h80-sqlite-3.46.1-dev"
            },
            {
              "name": "doc",
              "path": "/nix/store/v1xy3dwiqva12832fhhw0ylp4fbmfmz7-sqlite-3.46.1-doc"
            },
            {
              "name": "out",
              "path": "/nix/store/w3b8kbif1x6nhr6shpmj2zx3ppmdj26j-sqlite-3.46.1"
            }
          ],
          "store_path": "/nix/store/8slnr8hkdm42310cypdnwkgm0r32skim-sqlite-3.46.1-bin"
        },
        "aarch64-linux": {
          "outputs": [
            {
              "name": "bin",
              "path": "/nix/store/cf3hlzgfhha1c505bqbzpgxpgbmzsnf4-sqlite-3.46.1-bin",
              "default": true
            },
            {
              "name": "man",
              "path": "/nix/store/wmpwvanapqy4rwn20dv0issxpaycmbv6-sqlite-3.46.1-man",
              "default": true
            },
            {
              "name": "doc",
              "path": "/nix/store/qdwf6228bfyvgs8ifmrq4zwp84ri4bdj-sqlite-3.46.1-doc"
            },
            {
              "name": "out",
              "path": "/nix/store/jkbrpjsz2rvngf1wcajgqlb4yflsknsh-sqlite-3.46.1"
            },
            {
              "name": "debug",
              "path": "/nix/store/b0ipa1rjrhv94z9ckpk935532flzxr50-sqlite-3.46.1-debug"
            },
            {
              "name": "dev",
              "path": "/nix/store/b4j7gn356w571j02fck027sg7l691q91-sqlite-3.46.1-dev"
            }
          ],
          "store_path": "/nix/store/cf3hlzgfhha1c505bqbzpgxpgbmzsnf4-sqlite-3.46.1-bin"
        },
        "x86_64-darwin": {
          "outputs": [
            {
              "name": "bin",
              "path": "/nix/store/yp5cvv76j30lby893imz4xz4b1nzwjbm-sqlite-3.46.1-bin",
              "default": true
            },
            {
              "name": "man",
              "path": "/nix/store/gjk6girhrf22srbpyanhml15q29dg7hh-sqlite-3.46.1-man",
              "default": true
            },
            {
              "name": "out",
              "path": "/nix/store/46g8y4lb0wxlqh1z4b11ndhar1lc9wxa-sqlite-3.46.1"
            },
            {
              "name": "dev",
              "path": "/nix/store/x54qm93xj5pjzn71mpri3fd4wmgd4w94-sqlite-3.46.1-dev"
            },
            {
              "name": "doc",
              "path": "/nix/store/sl4x8s7anfslns6mzz4zlzlpjlckppw0-sqlite-3.46.1-doc"
            }
          ],
          "store_path": "/nix/store/yp5cvv76j30lby893imz4xz4b1nzwjbm-sqlite-3.46.1-bin"
        },
        "x86_64-linux": {
          "outputs": [
            {
              "name": "bin",
              "path": "/nix/store/2wl8mczp318abd6dlppqw4wpb92ssqpj-sqlite-3.46.1-bin",
              "default": true
            },
            {
              "name": "man",
              "path": "/nix/store/wh6y7bz91fvs06v8rry9vhqm53c6ycwx-sqlite-3.46.1-man",
              "default": true
            },
            {
              "name": "dev",
              "path": "/nix/store/5kny4qm3i1wiwy321d5c51f4x8zzb9vr-sqlite-3.46.1-dev"
            },
            {
              "name": "doc",
              "path": "/nix/store/59chssis4pdcz3rxy1r4y7f6sd2mz6gz-sqlite-3.46.1-doc"
            },
            {
              "name": "out",
              "path": "/nix/store/bbd59cqw259149r2ddk4w1q0lr2fch8c-sqlite-3.46.1"
            },
            {
              "name": "debug",
              "path": "/nix/store/zxn5knfx56ism10y81nmxzsx90a1m37g-sqlite-3.46.1-debug"
            }
          ],
          "store_path": "/nix/store/2wl8mczp318abd6dlppqw4wpb92ssqpj-sqlite-3.46.1-bin"
        }
      }
    }
  }
}
